
Microsoft Visual Studio Solution File, Format Version 12.00
# Visual Studio Version 17
VisualStudioVersion = 17.4.33110.190
MinimumVisualStudioVersion = 10.0.40219.1
Project("{FAE04EC0-301F-11D3-BF4B-00C04F79EFBC}") = "x34", "x34\x34.csproj", "{A73B593B-D98F-4FE7-8A91-9EE42128EEAB}"
EndProject
Project("{FAE04EC0-301F-11D3-BF4B-00C04F79EFBC}") = "x34Test", "x34Test\x34Test.csproj", "{347412A9-58BA-48EE-8034-9CB4B5DB6AAE}"
EndProject
Global
	GlobalSection(SolutionConfigurationPlatforms) = preSolution
		Debug|Any CPU = Debug|Any CPU
		Release|Any CPU = Release|Any CPU
	EndGlobalSection
	GlobalSection(ProjectConfigurationPlatforms) = postSolution
		{A73B593B-D98F-4FE7-8A91-9EE42128EEAB}.Debug|Any CPU.ActiveCfg = Debug|Any CPU
		{A73B593B-D98F-4FE7-8A91-9EE42128EEAB}.Debug|Any CPU.Build.0 = Debug|Any CPU
		{A73B593B-D98F-4FE7-8A91-9EE42128EEAB}.Release|Any CPU.ActiveCfg = Release|Any CPU
		{A73B593B-D98F-4FE7-8A91-9EE42128EEAB}.Release|Any CPU.Build.0 = Release|Any CPU
		{347412A9-58BA-48EE-8034-9CB4B5DB6AAE}.Debug|Any CPU.ActiveCfg = Debug|Any CPU
		{347412A9-58BA-48EE-8034-9CB4B5DB6AAE}.Debug|Any CPU.Build.0 = Debug|Any CPU
		{347412A9-58BA-48EE-8034-9CB4B5DB6AAE}.Release|Any CPU.ActiveCfg = Release|Any CPU
		{347412A9-58BA-48EE-8034-9CB4B5DB6AAE}.Release|Any CPU.Build.0 = Release|Any CPU
	EndGlobalSection
	GlobalSection(SolutionProperties) = preSolution
		HideSolutionNode = FALSE
	EndGlobalSection
	GlobalSection(ExtensibilityGlobals) = postSolution
		SolutionGuid = {FA8D8E31-1812-4239-AF4F-5EFE85ED9252}
	EndGlobalSection
EndGlobal
